
Microsoft Visual Studio Solution File, Format Version 12.00
# Visual Studio Express 15 for Windows Desktop
VisualStudioVersion = 15.0.27703.2026
MinimumVisualStudioVersion = 10.0.40219.1
Project("{FAE04EC0-301F-11D3-BF4B-00C04F79EFBC}") = "TegraAutoSmash", "TegraAutoSmash\TegraAutoSmash.csproj", "{CFE8EF85-F5C0-4BBD-B9A2-D83C66CCE125}"
EndProject
Global
	GlobalSection(SolutionConfigurationPlatforms) = preSolution
		Debug|Any CPU = Debug|Any CPU
		Release|Any CPU = Release|Any CPU
	EndGlobalSection
	GlobalSection(ProjectConfigurationPlatforms) = postSolution
		{CFE8EF85-F5C0-4BBD-B9A2-D83C66CCE125}.Debug|Any CPU.ActiveCfg = Debug|Any CPU
		{CFE8EF85-F5C0-4BBD-B9A2-D83C66CCE125}.Debug|Any CPU.Build.0 = Debug|Any CPU
		{CFE8EF85-F5C0-4BBD-B9A2-D83C66CCE125}.Release|Any CPU.ActiveCfg = Release|Any CPU
		{CFE8EF85-F5C0-4BBD-B9A2-D83C66CCE125}.Release|Any CPU.Build.0 = Release|Any CPU
	EndGlobalSection
	GlobalSection(SolutionProperties) = preSolution
		HideSolutionNode = FALSE
	EndGlobalSection
	GlobalSection(ExtensibilityGlobals) = postSolution
		SolutionGuid = {D404E7D8-12D1-4F17-8F24-B9557674E85B}
	EndGlobalSection
EndGlobal
